
Microsoft Visual Studio Solution File, Format Version 12.00
# Visual Studio Version 16
VisualStudioVersion = 16.0.29613.14
MinimumVisualStudioVersion = 10.0.40219.1
Project("{FAE04EC0-301F-11D3-BF4B-00C04F79EFBC}") = "Cosmos.Sts", "Cosmos.Sts.csproj", "{90934FB3-9389-4161-8A05-BC922C9CDD33}"
EndProject
Global
	GlobalSection(SolutionConfigurationPlatforms) = preSolution
		Debug|Any CPU = Debug|Any CPU
		Release|Any CPU = Release|Any CPU
	EndGlobalSection
	GlobalSection(ProjectConfigurationPlatforms) = postSolution
		{90934FB3-9389-4161-8A05-BC922C9CDD33}.Debug|Any CPU.ActiveCfg = Debug|Any CPU
		{90934FB3-9389-4161-8A05-BC922C9CDD33}.Debug|Any CPU.Build.0 = Debug|Any CPU
		{90934FB3-9389-4161-8A05-BC922C9CDD33}.Release|Any CPU.ActiveCfg = Release|Any CPU
		{90934FB3-9389-4161-8A05-BC922C9CDD33}.Release|Any CPU.Build.0 = Release|Any CPU
	EndGlobalSection
	GlobalSection(SolutionProperties) = preSolution
		HideSolutionNode = FALSE
	EndGlobalSection
	GlobalSection(ExtensibilityGlobals) = postSolution
		SolutionGuid = {425402B3-1EA5-40DB-B078-4D732CE9F3A6}
	EndGlobalSection
EndGlobal
